
Microsoft Visual Studio Solution File, Format Version 12.00
# Visual Studio Version 17
VisualStudioVersion = 17.14.36414.22
MinimumVisualStudioVersion = 10.0.40219.1
Project("{FAE04EC0-301F-11D3-BF4B-00C04F79EFBC}") = "MinimalAPIPoc", "MinimalAPIPoc\MinimalAPIPoc.csproj", "{DAF17E73-B572-46D3-BDD0-273EB5D3E904}"
EndProject
Project("{FAE04EC0-301F-11D3-BF4B-00C04F79EFBC}") = "Test", "Test\Test.csproj", "{CC8424CB-A8BB-40C2-8C1E-E7C09F49C9BC}"
EndProject
Global
	GlobalSection(SolutionConfigurationPlatforms) = preSolution
		Debug|Any CPU = Debug|Any CPU
		Release|Any CPU = Release|Any CPU
	EndGlobalSection
	GlobalSection(ProjectConfigurationPlatforms) = postSolution
		{DAF17E73-B572-46D3-BDD0-273EB5D3E904}.Debug|Any CPU.ActiveCfg = Debug|Any CPU
		{DAF17E73-B572-46D3-BDD0-273EB5D3E904}.Debug|Any CPU.Build.0 = Debug|Any CPU
		{DAF17E73-B572-46D3-BDD0-273EB5D3E904}.Release|Any CPU.ActiveCfg = Release|Any CPU
		{DAF17E73-B572-46D3-BDD0-273EB5D3E904}.Release|Any CPU.Build.0 = Release|Any CPU
		{CC8424CB-A8BB-40C2-8C1E-E7C09F49C9BC}.Debug|Any CPU.ActiveCfg = Debug|Any CPU
		{CC8424CB-A8BB-40C2-8C1E-E7C09F49C9BC}.Debug|Any CPU.Build.0 = Debug|Any CPU
		{CC8424CB-A8BB-40C2-8C1E-E7C09F49C9BC}.Release|Any CPU.ActiveCfg = Release|Any CPU
		{CC8424CB-A8BB-40C2-8C1E-E7C09F49C9BC}.Release|Any CPU.Build.0 = Release|Any CPU
	EndGlobalSection
	GlobalSection(SolutionProperties) = preSolution
		HideSolutionNode = FALSE
	EndGlobalSection
	GlobalSection(ExtensibilityGlobals) = postSolution
		SolutionGuid = {5E45277F-BF6F-42EC-A197-7CFE7A987AD2}
	EndGlobalSection
EndGlobal
